<?xml version="1.0" encoding="utf-8"?>
<Project ToolsVersion="4.0" xmlns="http://schemas.microsoft.com/developer/msbuild/2003">
  <ItemGroup>
    <Filter Include="Source Files">
      <UniqueIdentifier>{4FC737F1-C7A5-4376-A066-2A32D752A2FF}</UniqueIdentifier>
      <Extensions>cpp;c;cc;cxx;c++;cppm;ixx;def;odl;idl;hpj;bat;asm;asmx</Extensions>
    </Filter>
    <Filter Include="Header Files">
      <UniqueIdentifier>{93995380-89BD-4b04-88EB-625FBE52EBFB}</UniqueIdentifier>
      <Extensions>h;hh;hpp;hxx;h++;hm;inl;inc;ipp;xsd</Extensions>
    </Filter>
    <Filter Include="Resource Files">
      <UniqueIdentifier>{67DA6AB6-F800-4c08-8B7A-83BB121AAD01}</UniqueIdentifier>
      <Extensions>rc;ico;cur;bmp;dlg;rc2;rct;bin;rgs;gif;jpg;jpeg;jpe;resx;tiff;tif;png;wav;mfcribbon-ms</Extensions>
    </Filter>
  </ItemGroup>
  <ItemGroup>
    <None Include="packages.config" />
  </ItemGroup>
  <ItemGroup>
    <ClCompile Include="src\lc_addon.c">
      <Filter>Source Files</Filter>
    </ClCompile>
    <ClCompile Include="src\lc_display_flags.c">
      <Filter>Source Files</Filter>
    </ClCompile>
    <ClCompile Include="src\lc_input.c">
      <Filter>Source Files</Filter>
    </ClCompile>
    <ClCompile Include="src\main.c">
      <Filter>Source Files</Filter>
    </ClCompile>
    <ClCompile Include="src\lc_display_options.c">
      <Filter>Source Files</Filter>
    </ClCompile>
    <ClCompile Include="src\lc_pair_array.c">
      <Filter>Source Files</Filter>
    </ClCompile>
    <ClCompile Include="src\lc_print.c">
      <Filter>Source Files</Filter>
    </ClCompile>
    <ClCompile Include="src\lc_utils.c">
      <Filter>Source Files</Filter>
    </ClCompile>
    <ClCompile Include="src\lc_arguments.c">
      <Filter>Source Files</Filter>
    </ClCompile>
    <ClCompile Include="src\lc_section.c">
      <Filter>Source Files</Filter>
    </ClCompile>
    <ClCompile Include="src\lc_output.c">
      <Filter>Source Files</Filter>
    </ClCompile>
    <ClCompile Include="src\lc_parse_manifest.c">
      <Filter>Source Files</Filter>
    </ClCompile>
    <ClCompile Include="src\lc_parse_manifest_addon.c">
      <Filter>Source Files</Filter>
    </ClCompile>
    <ClCompile Include="src\lc_parse_manifest_application.c">
      <Filter>Source Files</Filter>
    </ClCompile>
    <ClCompile Include="src\lc_parse_manifest_input.c">
      <Filter>Source Files</Filter>
    </ClCompile>
    <ClCompile Include="src\lc_parse_manifest_application_display.c">
      <Filter>Source Files</Filter>
    </ClCompile>
    <ClCompile Include="src\lc_parse_manifest_application_event_queue.c">
      <Filter>Source Files</Filter>
    </ClCompile>
    <ClCompile Include="src\lc_parse_manifest_application_timer.c">
      <Filter>Source Files</Filter>
    </ClCompile>
    <ClCompile Include="src\lc_parse_context.c">
      <Filter>Source Files</Filter>
    </ClCompile>
    <ClCompile Include="src\lc_parse_attribute_define.c">
      <Filter>Source Files</Filter>
    </ClCompile>
    <ClCompile Include="src\lc_output_header.c">
      <Filter>Source Files</Filter>
    </ClCompile>
    <ClCompile Include="src\lc_output_source.c">
      <Filter>Source Files</Filter>
    </ClCompile>
    <ClCompile Include="src\lc_parse_manifest_application_display_flag.c">
      <Filter>Source Files</Filter>
    </ClCompile>
    <ClCompile Include="src\lc_parse_manifest_application_display_option.c">
      <Filter>Source Files</Filter>
    </ClCompile>
  </ItemGroup>
  <ItemGroup>
    <ClInclude Include="include\lc_common.h">
      <Filter>Header Files</Filter>
    </ClInclude>
  </ItemGroup>
  <ItemGroup>
    <Xml Include="manifest.xml">
      <Filter>Resource Files</Filter>
    </Xml>
  </ItemGroup>
</Project>